<?xml version="1.0" encoding="utf-8"?>
<Project ToolsVersion="4.0" xmlns="http://schemas.microsoft.com/developer/msbuild/2003">
  <ItemGroup>
    <Filter Include="Source Files">
      <UniqueIdentifier>{4FC737F1-C7A5-4376-A066-2A32D752A2FF}</UniqueIdentifier>
      <Extensions>cpp;c;cc;cxx;c++;cppm;ixx;def;odl;idl;hpj;bat;asm;asmx</Extensions>
    </Filter>
    <Filter Include="Header Files">
      <UniqueIdentifier>{93995380-89BD-4b04-88EB-625FBE52EBFB}</UniqueIdentifier>
      <Extensions>h;hh;hpp;hxx;h++;hm;inl;inc;ipp;xsd</Extensions>
    </Filter>
    <Filter Include="Resource Files">
      <UniqueIdentifier>{67DA6AB6-F800-4c08-8B7A-83BB121AAD01}</UniqueIdentifier>
      <Extensions>rc;ico;cur;bmp;dlg;rc2;rct;bin;rgs;gif;jpg;jpeg;jpe;resx;tiff;tif;png;wav;mfcribbon-ms</Extensions>
    </Filter>
    <Filter Include="Header Files\General">
      <UniqueIdentifier>{1e39be91-8c6b-4a8d-80da-b26fa34aad46}</UniqueIdentifier>
    </Filter>
    <Filter Include="Header Files\P1">
      <UniqueIdentifier>{9c94b1da-9b06-417c-9ec5-e4de24421e8e}</UniqueIdentifier>
    </Filter>
    <Filter Include="Header Files\P2">
      <UniqueIdentifier>{723fa230-4149-4f60-bced-62c010d4021f}</UniqueIdentifier>
    </Filter>
    <Filter Include="Header Files\P2\Genetics">
      <UniqueIdentifier>{9611f632-8cc2-4c8a-9dc9-28ccdf1e0364}</UniqueIdentifier>
    </Filter>
    <Filter Include="Header Files\P2\Memetics">
      <UniqueIdentifier>{768e7286-8769-4a35-918c-cc35eaa733dc}</UniqueIdentifier>
    </Filter>
    <Filter Include="Source Files\General">
      <UniqueIdentifier>{d6030cd7-4bb1-4a48-84ed-dce1886368e9}</UniqueIdentifier>
    </Filter>
    <Filter Include="Source Files\P1">
      <UniqueIdentifier>{b251c321-2195-432b-a10a-632a1d9b6825}</UniqueIdentifier>
    </Filter>
    <Filter Include="Source Files\P2">
      <UniqueIdentifier>{02bc99a2-63c0-467e-aba7-614d13339412}</UniqueIdentifier>
    </Filter>
    <Filter Include="Source Files\P2\Genetics">
      <UniqueIdentifier>{210f478a-e49f-4afc-adca-2922ba0f931d}</UniqueIdentifier>
    </Filter>
    <Filter Include="Source Files\P2\Memetics">
      <UniqueIdentifier>{81971001-d13d-4818-ae7c-cd5e18f602bf}</UniqueIdentifier>
    </Filter>
  </ItemGroup>
  <ItemGroup>
    <ClInclude Include="include\AGG.h">
      <Filter>Header Files\P2\Genetics</Filter>
    </ClInclude>
    <ClInclude Include="include\GeneticAlgorithm.h">
      <Filter>Header Files\P2\Genetics</Filter>
    </ClInclude>
    <ClInclude Include="include\Cluster.h">
      <Filter>Header Files\General</Filter>
    </ClInclude>
    <ClInclude Include="include\csv.h">
      <Filter>Header Files\General</Filter>
    </ClInclude>
    <ClInclude Include="include\ExecutionParameters.h">
      <Filter>Header Files\General</Filter>
    </ClInclude>
    <ClInclude Include="include\random.h">
      <Filter>Header Files\General</Filter>
    </ClInclude>
    <ClInclude Include="include\utilities.h">
      <Filter>Header Files\General</Filter>
    </ClInclude>
    <ClInclude Include="include\PAR.h">
      <Filter>Header Files\General</Filter>
    </ClInclude>
    <ClInclude Include="include\DataSets.h">
      <Filter>Header Files\General</Filter>
    </ClInclude>
    <ClInclude Include="include\BL.h">
      <Filter>Header Files\P1</Filter>
    </ClInclude>
    <ClInclude Include="include\COPKM.h">
      <Filter>Header Files\P1</Filter>
    </ClInclude>
    <ClInclude Include="include\benchmark.h">
      <Filter>Header Files\General</Filter>
    </ClInclude>
    <ClInclude Include="include\AGGUN.h">
      <Filter>Header Files\P2\Genetics</Filter>
    </ClInclude>
    <ClInclude Include="include\AGESF.h">
      <Filter>Header Files\P2\Genetics</Filter>
    </ClInclude>
    <ClInclude Include="include\AGEUN.h">
      <Filter>Header Files\P2\Genetics</Filter>
    </ClInclude>
    <ClInclude Include="include\AGGSF.h">
      <Filter>Header Files\P2\Genetics</Filter>
    </ClInclude>
    <ClInclude Include="include\AGE.h">
      <Filter>Header Files</Filter>
    </ClInclude>
  </ItemGroup>
  <ItemGroup>
    <ClCompile Include="src\csv.cpp">
      <Filter>Source Files\General</Filter>
    </ClCompile>
    <ClCompile Include="src\DataSets.cpp">
      <Filter>Source Files\General</Filter>
    </ClCompile>
    <ClCompile Include="src\main.cpp">
      <Filter>Source Files\General</Filter>
    </ClCompile>
    <ClCompile Include="src\Random.cpp">
      <Filter>Source Files\General</Filter>
    </ClCompile>
    <ClCompile Include="src\PAR.cpp">
      <Filter>Source Files\General</Filter>
    </ClCompile>
    <ClCompile Include="src\utilities.cpp">
      <Filter>Source Files\General</Filter>
    </ClCompile>
    <ClCompile Include="src\ExecutionParameters.cpp">
      <Filter>Source Files\General</Filter>
    </ClCompile>
    <ClCompile Include="src\Cluster.cpp">
      <Filter>Source Files\General</Filter>
    </ClCompile>
    <ClCompile Include="src\benchmark.cpp">
      <Filter>Source Files\General</Filter>
    </ClCompile>
    <ClCompile Include="src\BL.cpp">
      <Filter>Source Files\P1</Filter>
    </ClCompile>
    <ClCompile Include="src\COPKM.cpp">
      <Filter>Source Files\P1</Filter>
    </ClCompile>
    <ClCompile Include="src\AGG.cpp">
      <Filter>Source Files\P2\Genetics</Filter>
    </ClCompile>
    <ClCompile Include="src\AGE.cpp">
      <Filter>Source Files\P2\Genetics</Filter>
    </ClCompile>
    <ClCompile Include="src\GeneticAlgorithm.cpp">
      <Filter>Source Files\P2\Genetics</Filter>
    </ClCompile>
    <ClCompile Include="src\AGGUN.cpp">
      <Filter>Source Files\P2\Genetics</Filter>
    </ClCompile>
    <ClCompile Include="src\AGESF.cpp">
      <Filter>Source Files\P2\Genetics</Filter>
    </ClCompile>
    <ClCompile Include="src\AGEUN.cpp">
      <Filter>Source Files\P2\Genetics</Filter>
    </ClCompile>
    <ClCompile Include="src\AGGSF.cpp">
      <Filter>Source Files\P2\Genetics</Filter>
    </ClCompile>
  </ItemGroup>
</Project>